
Microsoft Visual Studio Solution File, Format Version 12.00
# Visual Studio Version 17
VisualStudioVersion = 17.4.33213.308
MinimumVisualStudioVersion = 10.0.40219.1
Project("{FAE04EC0-301F-11D3-BF4B-00C04F79EFBC}") = "lab2", "lab2\lab2.csproj", "{1A118ECA-1E71-40C1-BF72-00D049EDE098}"
EndProject
Global
	GlobalSection(SolutionConfigurationPlatforms) = preSolution
		Debug|Any CPU = Debug|Any CPU
		Release|Any CPU = Release|Any CPU
	EndGlobalSection
	GlobalSection(ProjectConfigurationPlatforms) = postSolution
		{1A118ECA-1E71-40C1-BF72-00D049EDE098}.Debug|Any CPU.ActiveCfg = Debug|Any CPU
		{1A118ECA-1E71-40C1-BF72-00D049EDE098}.Debug|Any CPU.Build.0 = Debug|Any CPU
		{1A118ECA-1E71-40C1-BF72-00D049EDE098}.Release|Any CPU.ActiveCfg = Release|Any CPU
		{1A118ECA-1E71-40C1-BF72-00D049EDE098}.Release|Any CPU.Build.0 = Release|Any CPU
	EndGlobalSection
	GlobalSection(SolutionProperties) = preSolution
		HideSolutionNode = FALSE
	EndGlobalSection
	GlobalSection(ExtensibilityGlobals) = postSolution
		SolutionGuid = {A657F86A-AC09-4623-8419-3E95F4680C91}
	EndGlobalSection
EndGlobal
